
Microsoft Visual Studio Solution File, Format Version 12.00
# Visual Studio Version 17
VisualStudioVersion = 17.5.2.0
MinimumVisualStudioVersion = 10.0.40219.1
Project("{FAE04EC0-301F-11D3-BF4B-00C04F79EFBC}") = "Core", "Core\Core.csproj", "{B6064902-81A0-4624-B05A-448BA1A8EEC5}"
EndProject
Project("{FAE04EC0-301F-11D3-BF4B-00C04F79EFBC}") = "Web", "Web\Web.csproj", "{AF4AF56E-51D4-412D-AD6C-6DE565BA058A}"
EndProject
Project("{FAE04EC0-301F-11D3-BF4B-00C04F79EFBC}") = "Socket", "Socket\Socket.csproj", "{A4063BEE-BE19-4DF3-9D4D-B63D04C033AB}"
EndProject
Project("{FAE04EC0-301F-11D3-BF4B-00C04F79EFBC}") = "ScyllaDB", "ScyllaDB\ScyllaDB.csproj", "{13D2F36E-7E2B-45DB-B3A7-64DD12BB85BA}"
EndProject
Project("{FAE04EC0-301F-11D3-BF4B-00C04F79EFBC}") = "EFCore", "EFCore\EFCore.csproj", "{AD7B3DD4-3C91-44BD-8B72-FDA9EB305515}"
EndProject
Project("{FAE04EC0-301F-11D3-BF4B-00C04F79EFBC}") = "Redis", "Redis\Redis.csproj", "{8AE0A25E-4A4C-4515-A39B-A6358EF9A54C}"
EndProject
Project("{FAE04EC0-301F-11D3-BF4B-00C04F79EFBC}") = "Physx", "Physx\Physx.csproj", "{D7043060-B0EF-4EAF-9FA7-4FA9F4A79DF2}"
EndProject
Project("{FAE04EC0-301F-11D3-BF4B-00C04F79EFBC}") = "Autosave", "Gaming\Autosave\Autosave.csproj", "{6DE799D6-66FE-4E32-AE05-27CD51F2590C}"
EndProject
Project("{FAE04EC0-301F-11D3-BF4B-00C04F79EFBC}") = "Regen", "Gaming\Regen\Regen.csproj", "{20698C72-4830-4079-A1C1-2EC9F1F72803}"
EndProject
Project("{FAE04EC0-301F-11D3-BF4B-00C04F79EFBC}") = "Inventory", "Gaming\Inventory\Inventory.csproj", "{1A1C1326-9AC7-4D96-A333-6AD060D00663}"
EndProject
Project("{2150E333-8FDC-42A3-9474-1A3956D46DE8}") = "Gaming", "Gaming", "{FA1CF26A-4220-0C83-67CE-0F9D94A2A4CE}"
EndProject
Project("{2150E333-8FDC-42A3-9474-1A3956D46DE8}") = "Main", "Main", "{56D325D7-06B1-BFA7-B78D-84FD98259CED}"
EndProject
Project("{FAE04EC0-301F-11D3-BF4B-00C04F79EFBC}") = "Gaming", "Gaming\Main\Gaming.csproj", "{7DAB65EC-7C15-4EDA-B855-E1B2D43F03F2}"
EndProject
Project("{FAE04EC0-301F-11D3-BF4B-00C04F79EFBC}") = "Movement", "Gaming\Movement\Movement.csproj", "{21FF9AF5-2B52-4B35-ACC0-904137267CF8}"
EndProject
Global
	GlobalSection(SolutionConfigurationPlatforms) = preSolution
		Debug|Any CPU = Debug|Any CPU
		Debug|x64 = Debug|x64
		Debug|x86 = Debug|x86
		Release|Any CPU = Release|Any CPU
		Release|x64 = Release|x64
		Release|x86 = Release|x86
	EndGlobalSection
	GlobalSection(ProjectConfigurationPlatforms) = postSolution
		{B6064902-81A0-4624-B05A-448BA1A8EEC5}.Debug|Any CPU.ActiveCfg = Debug|Any CPU
		{B6064902-81A0-4624-B05A-448BA1A8EEC5}.Debug|Any CPU.Build.0 = Debug|Any CPU
		{B6064902-81A0-4624-B05A-448BA1A8EEC5}.Debug|x64.ActiveCfg = Debug|Any CPU
		{B6064902-81A0-4624-B05A-448BA1A8EEC5}.Debug|x64.Build.0 = Debug|Any CPU
		{B6064902-81A0-4624-B05A-448BA1A8EEC5}.Debug|x86.ActiveCfg = Debug|Any CPU
		{B6064902-81A0-4624-B05A-448BA1A8EEC5}.Debug|x86.Build.0 = Debug|Any CPU
		{B6064902-81A0-4624-B05A-448BA1A8EEC5}.Release|Any CPU.ActiveCfg = Release|Any CPU
		{B6064902-81A0-4624-B05A-448BA1A8EEC5}.Release|Any CPU.Build.0 = Release|Any CPU
		{B6064902-81A0-4624-B05A-448BA1A8EEC5}.Release|x64.ActiveCfg = Release|Any CPU
		{B6064902-81A0-4624-B05A-448BA1A8EEC5}.Release|x64.Build.0 = Release|Any CPU
		{B6064902-81A0-4624-B05A-448BA1A8EEC5}.Release|x86.ActiveCfg = Release|Any CPU
		{B6064902-81A0-4624-B05A-448BA1A8EEC5}.Release|x86.Build.0 = Release|Any CPU
		{AF4AF56E-51D4-412D-AD6C-6DE565BA058A}.Debug|Any CPU.ActiveCfg = Debug|Any CPU
		{AF4AF56E-51D4-412D-AD6C-6DE565BA058A}.Debug|Any CPU.Build.0 = Debug|Any CPU
		{AF4AF56E-51D4-412D-AD6C-6DE565BA058A}.Debug|x64.ActiveCfg = Debug|Any CPU
		{AF4AF56E-51D4-412D-AD6C-6DE565BA058A}.Debug|x64.Build.0 = Debug|Any CPU
		{AF4AF56E-51D4-412D-AD6C-6DE565BA058A}.Debug|x86.ActiveCfg = Debug|Any CPU
		{AF4AF56E-51D4-412D-AD6C-6DE565BA058A}.Debug|x86.Build.0 = Debug|Any CPU
		{AF4AF56E-51D4-412D-AD6C-6DE565BA058A}.Release|Any CPU.ActiveCfg = Release|Any CPU
		{AF4AF56E-51D4-412D-AD6C-6DE565BA058A}.Release|Any CPU.Build.0 = Release|Any CPU
		{AF4AF56E-51D4-412D-AD6C-6DE565BA058A}.Release|x64.ActiveCfg = Release|Any CPU
		{AF4AF56E-51D4-412D-AD6C-6DE565BA058A}.Release|x64.Build.0 = Release|Any CPU
		{AF4AF56E-51D4-412D-AD6C-6DE565BA058A}.Release|x86.ActiveCfg = Release|Any CPU
		{AF4AF56E-51D4-412D-AD6C-6DE565BA058A}.Release|x86.Build.0 = Release|Any CPU
		{A4063BEE-BE19-4DF3-9D4D-B63D04C033AB}.Debug|Any CPU.ActiveCfg = Debug|Any CPU
		{A4063BEE-BE19-4DF3-9D4D-B63D04C033AB}.Debug|Any CPU.Build.0 = Debug|Any CPU
		{A4063BEE-BE19-4DF3-9D4D-B63D04C033AB}.Debug|x64.ActiveCfg = Debug|Any CPU
		{A4063BEE-BE19-4DF3-9D4D-B63D04C033AB}.Debug|x64.Build.0 = Debug|Any CPU
		{A4063BEE-BE19-4DF3-9D4D-B63D04C033AB}.Debug|x86.ActiveCfg = Debug|Any CPU
		{A4063BEE-BE19-4DF3-9D4D-B63D04C033AB}.Debug|x86.Build.0 = Debug|Any CPU
		{A4063BEE-BE19-4DF3-9D4D-B63D04C033AB}.Release|Any CPU.ActiveCfg = Release|Any CPU
		{A4063BEE-BE19-4DF3-9D4D-B63D04C033AB}.Release|Any CPU.Build.0 = Release|Any CPU
		{A4063BEE-BE19-4DF3-9D4D-B63D04C033AB}.Release|x64.ActiveCfg = Release|Any CPU
		{A4063BEE-BE19-4DF3-9D4D-B63D04C033AB}.Release|x64.Build.0 = Release|Any CPU
		{A4063BEE-BE19-4DF3-9D4D-B63D04C033AB}.Release|x86.ActiveCfg = Release|Any CPU
		{A4063BEE-BE19-4DF3-9D4D-B63D04C033AB}.Release|x86.Build.0 = Release|Any CPU
		{13D2F36E-7E2B-45DB-B3A7-64DD12BB85BA}.Debug|Any CPU.ActiveCfg = Debug|Any CPU
		{13D2F36E-7E2B-45DB-B3A7-64DD12BB85BA}.Debug|Any CPU.Build.0 = Debug|Any CPU
		{13D2F36E-7E2B-45DB-B3A7-64DD12BB85BA}.Debug|x64.ActiveCfg = Debug|Any CPU
		{13D2F36E-7E2B-45DB-B3A7-64DD12BB85BA}.Debug|x64.Build.0 = Debug|Any CPU
		{13D2F36E-7E2B-45DB-B3A7-64DD12BB85BA}.Debug|x86.ActiveCfg = Debug|Any CPU
		{13D2F36E-7E2B-45DB-B3A7-64DD12BB85BA}.Debug|x86.Build.0 = Debug|Any CPU
		{13D2F36E-7E2B-45DB-B3A7-64DD12BB85BA}.Release|Any CPU.ActiveCfg = Release|Any CPU
		{13D2F36E-7E2B-45DB-B3A7-64DD12BB85BA}.Release|Any CPU.Build.0 = Release|Any CPU
		{13D2F36E-7E2B-45DB-B3A7-64DD12BB85BA}.Release|x64.ActiveCfg = Release|Any CPU
		{13D2F36E-7E2B-45DB-B3A7-64DD12BB85BA}.Release|x64.Build.0 = Release|Any CPU
		{13D2F36E-7E2B-45DB-B3A7-64DD12BB85BA}.Release|x86.ActiveCfg = Release|Any CPU
		{13D2F36E-7E2B-45DB-B3A7-64DD12BB85BA}.Release|x86.Build.0 = Release|Any CPU
		{AD7B3DD4-3C91-44BD-8B72-FDA9EB305515}.Debug|Any CPU.ActiveCfg = Debug|Any CPU
		{AD7B3DD4-3C91-44BD-8B72-FDA9EB305515}.Debug|Any CPU.Build.0 = Debug|Any CPU
		{AD7B3DD4-3C91-44BD-8B72-FDA9EB305515}.Debug|x64.ActiveCfg = Debug|Any CPU
		{AD7B3DD4-3C91-44BD-8B72-FDA9EB305515}.Debug|x64.Build.0 = Debug|Any CPU
		{AD7B3DD4-3C91-44BD-8B72-FDA9EB305515}.Debug|x86.ActiveCfg = Debug|Any CPU
		{AD7B3DD4-3C91-44BD-8B72-FDA9EB305515}.Debug|x86.Build.0 = Debug|Any CPU
		{AD7B3DD4-3C91-44BD-8B72-FDA9EB305515}.Release|Any CPU.ActiveCfg = Release|Any CPU
		{AD7B3DD4-3C91-44BD-8B72-FDA9EB305515}.Release|Any CPU.Build.0 = Release|Any CPU
		{AD7B3DD4-3C91-44BD-8B72-FDA9EB305515}.Release|x64.ActiveCfg = Release|Any CPU
		{AD7B3DD4-3C91-44BD-8B72-FDA9EB305515}.Release|x64.Build.0 = Release|Any CPU
		{AD7B3DD4-3C91-44BD-8B72-FDA9EB305515}.Release|x86.ActiveCfg = Release|Any CPU
		{AD7B3DD4-3C91-44BD-8B72-FDA9EB305515}.Release|x86.Build.0 = Release|Any CPU
		{8AE0A25E-4A4C-4515-A39B-A6358EF9A54C}.Debug|Any CPU.ActiveCfg = Debug|Any CPU
		{8AE0A25E-4A4C-4515-A39B-A6358EF9A54C}.Debug|Any CPU.Build.0 = Debug|Any CPU
		{8AE0A25E-4A4C-4515-A39B-A6358EF9A54C}.Debug|x64.ActiveCfg = Debug|Any CPU
		{8AE0A25E-4A4C-4515-A39B-A6358EF9A54C}.Debug|x64.Build.0 = Debug|Any CPU
		{8AE0A25E-4A4C-4515-A39B-A6358EF9A54C}.Debug|x86.ActiveCfg = Debug|Any CPU
		{8AE0A25E-4A4C-4515-A39B-A6358EF9A54C}.Debug|x86.Build.0 = Debug|Any CPU
		{8AE0A25E-4A4C-4515-A39B-A6358EF9A54C}.Release|Any CPU.ActiveCfg = Release|Any CPU
		{8AE0A25E-4A4C-4515-A39B-A6358EF9A54C}.Release|Any CPU.Build.0 = Release|Any CPU
		{8AE0A25E-4A4C-4515-A39B-A6358EF9A54C}.Release|x64.ActiveCfg = Release|Any CPU
		{8AE0A25E-4A4C-4515-A39B-A6358EF9A54C}.Release|x64.Build.0 = Release|Any CPU
		{8AE0A25E-4A4C-4515-A39B-A6358EF9A54C}.Release|x86.ActiveCfg = Release|Any CPU
		{8AE0A25E-4A4C-4515-A39B-A6358EF9A54C}.Release|x86.Build.0 = Release|Any CPU
		{D7043060-B0EF-4EAF-9FA7-4FA9F4A79DF2}.Debug|Any CPU.ActiveCfg = Debug|Any CPU
		{D7043060-B0EF-4EAF-9FA7-4FA9F4A79DF2}.Debug|Any CPU.Build.0 = Debug|Any CPU
		{D7043060-B0EF-4EAF-9FA7-4FA9F4A79DF2}.Debug|x64.ActiveCfg = Debug|Any CPU
		{D7043060-B0EF-4EAF-9FA7-4FA9F4A79DF2}.Debug|x64.Build.0 = Debug|Any CPU
		{D7043060-B0EF-4EAF-9FA7-4FA9F4A79DF2}.Debug|x86.ActiveCfg = Debug|Any CPU
		{D7043060-B0EF-4EAF-9FA7-4FA9F4A79DF2}.Debug|x86.Build.0 = Debug|Any CPU
		{D7043060-B0EF-4EAF-9FA7-4FA9F4A79DF2}.Release|Any CPU.ActiveCfg = Release|Any CPU
		{D7043060-B0EF-4EAF-9FA7-4FA9F4A79DF2}.Release|Any CPU.Build.0 = Release|Any CPU
		{D7043060-B0EF-4EAF-9FA7-4FA9F4A79DF2}.Release|x64.ActiveCfg = Release|Any CPU
		{D7043060-B0EF-4EAF-9FA7-4FA9F4A79DF2}.Release|x64.Build.0 = Release|Any CPU
		{D7043060-B0EF-4EAF-9FA7-4FA9F4A79DF2}.Release|x86.ActiveCfg = Release|Any CPU
		{D7043060-B0EF-4EAF-9FA7-4FA9F4A79DF2}.Release|x86.Build.0 = Release|Any CPU
		{6DE799D6-66FE-4E32-AE05-27CD51F2590C}.Debug|Any CPU.ActiveCfg = Debug|Any CPU
		{6DE799D6-66FE-4E32-AE05-27CD51F2590C}.Debug|Any CPU.Build.0 = Debug|Any CPU
		{6DE799D6-66FE-4E32-AE05-27CD51F2590C}.Debug|x64.ActiveCfg = Debug|Any CPU
		{6DE799D6-66FE-4E32-AE05-27CD51F2590C}.Debug|x64.Build.0 = Debug|Any CPU
		{6DE799D6-66FE-4E32-AE05-27CD51F2590C}.Debug|x86.ActiveCfg = Debug|Any CPU
		{6DE799D6-66FE-4E32-AE05-27CD51F2590C}.Debug|x86.Build.0 = Debug|Any CPU
		{6DE799D6-66FE-4E32-AE05-27CD51F2590C}.Release|Any CPU.ActiveCfg = Release|Any CPU
		{6DE799D6-66FE-4E32-AE05-27CD51F2590C}.Release|Any CPU.Build.0 = Release|Any CPU
		{6DE799D6-66FE-4E32-AE05-27CD51F2590C}.Release|x64.ActiveCfg = Release|Any CPU
		{6DE799D6-66FE-4E32-AE05-27CD51F2590C}.Release|x64.Build.0 = Release|Any CPU
		{6DE799D6-66FE-4E32-AE05-27CD51F2590C}.Release|x86.ActiveCfg = Release|Any CPU
		{6DE799D6-66FE-4E32-AE05-27CD51F2590C}.Release|x86.Build.0 = Release|Any CPU
		{20698C72-4830-4079-A1C1-2EC9F1F72803}.Debug|Any CPU.ActiveCfg = Debug|Any CPU
		{20698C72-4830-4079-A1C1-2EC9F1F72803}.Debug|Any CPU.Build.0 = Debug|Any CPU
		{20698C72-4830-4079-A1C1-2EC9F1F72803}.Debug|x64.ActiveCfg = Debug|Any CPU
		{20698C72-4830-4079-A1C1-2EC9F1F72803}.Debug|x64.Build.0 = Debug|Any CPU
		{20698C72-4830-4079-A1C1-2EC9F1F72803}.Debug|x86.ActiveCfg = Debug|Any CPU
		{20698C72-4830-4079-A1C1-2EC9F1F72803}.Debug|x86.Build.0 = Debug|Any CPU
		{20698C72-4830-4079-A1C1-2EC9F1F72803}.Release|Any CPU.ActiveCfg = Release|Any CPU
		{20698C72-4830-4079-A1C1-2EC9F1F72803}.Release|Any CPU.Build.0 = Release|Any CPU
		{20698C72-4830-4079-A1C1-2EC9F1F72803}.Release|x64.ActiveCfg = Release|Any CPU
		{20698C72-4830-4079-A1C1-2EC9F1F72803}.Release|x64.Build.0 = Release|Any CPU
		{20698C72-4830-4079-A1C1-2EC9F1F72803}.Release|x86.ActiveCfg = Release|Any CPU
		{20698C72-4830-4079-A1C1-2EC9F1F72803}.Release|x86.Build.0 = Release|Any CPU
		{1A1C1326-9AC7-4D96-A333-6AD060D00663}.Debug|Any CPU.ActiveCfg = Debug|Any CPU
		{1A1C1326-9AC7-4D96-A333-6AD060D00663}.Debug|Any CPU.Build.0 = Debug|Any CPU
		{1A1C1326-9AC7-4D96-A333-6AD060D00663}.Debug|x64.ActiveCfg = Debug|Any CPU
		{1A1C1326-9AC7-4D96-A333-6AD060D00663}.Debug|x64.Build.0 = Debug|Any CPU
		{1A1C1326-9AC7-4D96-A333-6AD060D00663}.Debug|x86.ActiveCfg = Debug|Any CPU
		{1A1C1326-9AC7-4D96-A333-6AD060D00663}.Debug|x86.Build.0 = Debug|Any CPU
		{1A1C1326-9AC7-4D96-A333-6AD060D00663}.Release|Any CPU.ActiveCfg = Release|Any CPU
		{1A1C1326-9AC7-4D96-A333-6AD060D00663}.Release|Any CPU.Build.0 = Release|Any CPU
		{1A1C1326-9AC7-4D96-A333-6AD060D00663}.Release|x64.ActiveCfg = Release|Any CPU
		{1A1C1326-9AC7-4D96-A333-6AD060D00663}.Release|x64.Build.0 = Release|Any CPU
		{1A1C1326-9AC7-4D96-A333-6AD060D00663}.Release|x86.ActiveCfg = Release|Any CPU
		{1A1C1326-9AC7-4D96-A333-6AD060D00663}.Release|x86.Build.0 = Release|Any CPU
		{7DAB65EC-7C15-4EDA-B855-E1B2D43F03F2}.Debug|Any CPU.ActiveCfg = Debug|Any CPU
		{7DAB65EC-7C15-4EDA-B855-E1B2D43F03F2}.Debug|Any CPU.Build.0 = Debug|Any CPU
		{7DAB65EC-7C15-4EDA-B855-E1B2D43F03F2}.Debug|x64.ActiveCfg = Debug|Any CPU
		{7DAB65EC-7C15-4EDA-B855-E1B2D43F03F2}.Debug|x64.Build.0 = Debug|Any CPU
		{7DAB65EC-7C15-4EDA-B855-E1B2D43F03F2}.Debug|x86.ActiveCfg = Debug|Any CPU
		{7DAB65EC-7C15-4EDA-B855-E1B2D43F03F2}.Debug|x86.Build.0 = Debug|Any CPU
		{7DAB65EC-7C15-4EDA-B855-E1B2D43F03F2}.Release|Any CPU.ActiveCfg = Release|Any CPU
		{7DAB65EC-7C15-4EDA-B855-E1B2D43F03F2}.Release|Any CPU.Build.0 = Release|Any CPU
		{7DAB65EC-7C15-4EDA-B855-E1B2D43F03F2}.Release|x64.ActiveCfg = Release|Any CPU
		{7DAB65EC-7C15-4EDA-B855-E1B2D43F03F2}.Release|x64.Build.0 = Release|Any CPU
		{7DAB65EC-7C15-4EDA-B855-E1B2D43F03F2}.Release|x86.ActiveCfg = Release|Any CPU
		{7DAB65EC-7C15-4EDA-B855-E1B2D43F03F2}.Release|x86.Build.0 = Release|Any CPU
		{21FF9AF5-2B52-4B35-ACC0-904137267CF8}.Debug|Any CPU.ActiveCfg = Debug|Any CPU
		{21FF9AF5-2B52-4B35-ACC0-904137267CF8}.Debug|Any CPU.Build.0 = Debug|Any CPU
		{21FF9AF5-2B52-4B35-ACC0-904137267CF8}.Debug|x64.ActiveCfg = Debug|Any CPU
		{21FF9AF5-2B52-4B35-ACC0-904137267CF8}.Debug|x64.Build.0 = Debug|Any CPU
		{21FF9AF5-2B52-4B35-ACC0-904137267CF8}.Debug|x86.ActiveCfg = Debug|Any CPU
		{21FF9AF5-2B52-4B35-ACC0-904137267CF8}.Debug|x86.Build.0 = Debug|Any CPU
		{21FF9AF5-2B52-4B35-ACC0-904137267CF8}.Release|Any CPU.ActiveCfg = Release|Any CPU
		{21FF9AF5-2B52-4B35-ACC0-904137267CF8}.Release|Any CPU.Build.0 = Release|Any CPU
		{21FF9AF5-2B52-4B35-ACC0-904137267CF8}.Release|x64.ActiveCfg = Release|Any CPU
		{21FF9AF5-2B52-4B35-ACC0-904137267CF8}.Release|x64.Build.0 = Release|Any CPU
		{21FF9AF5-2B52-4B35-ACC0-904137267CF8}.Release|x86.ActiveCfg = Release|Any CPU
		{21FF9AF5-2B52-4B35-ACC0-904137267CF8}.Release|x86.Build.0 = Release|Any CPU
	EndGlobalSection
	GlobalSection(SolutionProperties) = preSolution
		HideSolutionNode = FALSE
	EndGlobalSection
	GlobalSection(NestedProjects) = preSolution
		{56D325D7-06B1-BFA7-B78D-84FD98259CED} = {FA1CF26A-4220-0C83-67CE-0F9D94A2A4CE}
		{7DAB65EC-7C15-4EDA-B855-E1B2D43F03F2} = {56D325D7-06B1-BFA7-B78D-84FD98259CED}
		{21FF9AF5-2B52-4B35-ACC0-904137267CF8} = {FA1CF26A-4220-0C83-67CE-0F9D94A2A4CE}
	EndGlobalSection
	GlobalSection(ExtensibilityGlobals) = postSolution
		SolutionGuid = {67983807-7A8E-47CC-B41D-C025CC2BC203}
	EndGlobalSection
EndGlobal
