
Microsoft Visual Studio Solution File, Format Version 12.00
# Visual Studio Version 17
VisualStudioVersion = 17.0.31903.59
MinimumVisualStudioVersion = 10.0.40219.1
Project("{FAE04EC0-301F-11D3-BF4B-00C04F79EFBC}") = "TestApp", "TestApp.csproj", "{94372A85-4A1C-4647-9B42-D10873122140}"
EndProject
Project("{FAE04EC0-301F-11D3-BF4B-00C04F79EFBC}") = "Dashboard", "..\Dashboard.csproj", "{4E3804CA-E587-4279-B05B-DD1DEDF39358}"
EndProject
Global
	GlobalSection(SolutionConfigurationPlatforms) = preSolution
		Debug|Any CPU = Debug|Any CPU
		Debug|x64 = Debug|x64
		Debug|x86 = Debug|x86
		Release|Any CPU = Release|Any CPU
		Release|x64 = Release|x64
		Release|x86 = Release|x86
	EndGlobalSection
	GlobalSection(ProjectConfigurationPlatforms) = postSolution
		{94372A85-4A1C-4647-9B42-D10873122140}.Debug|Any CPU.ActiveCfg = Debug|Any CPU
		{94372A85-4A1C-4647-9B42-D10873122140}.Debug|Any CPU.Build.0 = Debug|Any CPU
		{94372A85-4A1C-4647-9B42-D10873122140}.Debug|x64.ActiveCfg = Debug|Any CPU
		{94372A85-4A1C-4647-9B42-D10873122140}.Debug|x64.Build.0 = Debug|Any CPU
		{94372A85-4A1C-4647-9B42-D10873122140}.Debug|x86.ActiveCfg = Debug|Any CPU
		{94372A85-4A1C-4647-9B42-D10873122140}.Debug|x86.Build.0 = Debug|Any CPU
		{94372A85-4A1C-4647-9B42-D10873122140}.Release|Any CPU.ActiveCfg = Release|Any CPU
		{94372A85-4A1C-4647-9B42-D10873122140}.Release|Any CPU.Build.0 = Release|Any CPU
		{94372A85-4A1C-4647-9B42-D10873122140}.Release|x64.ActiveCfg = Release|Any CPU
		{94372A85-4A1C-4647-9B42-D10873122140}.Release|x64.Build.0 = Release|Any CPU
		{94372A85-4A1C-4647-9B42-D10873122140}.Release|x86.ActiveCfg = Release|Any CPU
		{94372A85-4A1C-4647-9B42-D10873122140}.Release|x86.Build.0 = Release|Any CPU
		{4E3804CA-E587-4279-B05B-DD1DEDF39358}.Debug|Any CPU.ActiveCfg = Debug|Any CPU
		{4E3804CA-E587-4279-B05B-DD1DEDF39358}.Debug|Any CPU.Build.0 = Debug|Any CPU
		{4E3804CA-E587-4279-B05B-DD1DEDF39358}.Debug|x64.ActiveCfg = Debug|Any CPU
		{4E3804CA-E587-4279-B05B-DD1DEDF39358}.Debug|x64.Build.0 = Debug|Any CPU
		{4E3804CA-E587-4279-B05B-DD1DEDF39358}.Debug|x86.ActiveCfg = Debug|Any CPU
		{4E3804CA-E587-4279-B05B-DD1DEDF39358}.Debug|x86.Build.0 = Debug|Any CPU
		{4E3804CA-E587-4279-B05B-DD1DEDF39358}.Release|Any CPU.ActiveCfg = Release|Any CPU
		{4E3804CA-E587-4279-B05B-DD1DEDF39358}.Release|Any CPU.Build.0 = Release|Any CPU
		{4E3804CA-E587-4279-B05B-DD1DEDF39358}.Release|x64.ActiveCfg = Release|Any CPU
		{4E3804CA-E587-4279-B05B-DD1DEDF39358}.Release|x64.Build.0 = Release|Any CPU
		{4E3804CA-E587-4279-B05B-DD1DEDF39358}.Release|x86.ActiveCfg = Release|Any CPU
		{4E3804CA-E587-4279-B05B-DD1DEDF39358}.Release|x86.Build.0 = Release|Any CPU
	EndGlobalSection
	GlobalSection(SolutionProperties) = preSolution
		HideSolutionNode = FALSE
	EndGlobalSection
EndGlobal
