Microsoft Visual Studio Solution File, Format Version 12.00
# Visual Studio Version 17
VisualStudioVersion = 17.5.2.0
MinimumVisualStudioVersion = 10.0.40219.1
Project("{FAE04EC0-301F-11D3-BF4B-00C04F79EFBC}") = "ScyllaDBServer", "ScyllaDBServer.csproj", "{5465CEDD-BCC4-52CF-1431-D2C57741C3A0}"
EndProject
Global
	GlobalSection(SolutionConfigurationPlatforms) = preSolution
		Debug|Any CPU = Debug|Any CPU
		Release|Any CPU = Release|Any CPU
	EndGlobalSection
	GlobalSection(ProjectConfigurationPlatforms) = postSolution
		{5465CEDD-BCC4-52CF-1431-D2C57741C3A0}.Debug|Any CPU.ActiveCfg = Debug|Any CPU
		{5465CEDD-BCC4-52CF-1431-D2C57741C3A0}.Debug|Any CPU.Build.0 = Debug|Any CPU
		{5465CEDD-BCC4-52CF-1431-D2C57741C3A0}.Release|Any CPU.ActiveCfg = Release|Any CPU
		{5465CEDD-BCC4-52CF-1431-D2C57741C3A0}.Release|Any CPU.Build.0 = Release|Any CPU
	EndGlobalSection
	GlobalSection(SolutionProperties) = preSolution
		HideSolutionNode = FALSE
	EndGlobalSection
	GlobalSection(ExtensibilityGlobals) = postSolution
		SolutionGuid = {EBADB3A9-3DFB-4E91-AA5F-69CECB552B1F}
	EndGlobalSection
EndGlobal
